{
  "name": "@claw-settle/openclaw-plugin",
  "version": "0.1.0",
  "lockfileVersion": 3,
  "requires": true,
  "packages": {
    "": {
      "name": "@claw-settle/openclaw-plugin",
      "version": "0.1.0",
      "dependencies": {
        "@sinclair/typebox": "^0.32.0",
        "openclaw": "file:../../../../../../opt/homebrew/lib/node_modules/openclaw"
      },
      "devDependencies": {
        "@types/node": "^20.0.0",
        "typescript": "^5.3.0"
      }
    },
    "../../../../../../opt/homebrew/lib/node_modules/openclaw": {
      "version": "2026.3.31",
      "hasInstallScript": true,
      "license": "MIT",
      "dependencies": {
        "@agentclientprotocol/sdk": "0.17.1",
        "@anthropic-ai/vertex-sdk": "^0.14.4",
        "@clack/prompts": "^1.1.0",
        "@homebridge/ciao": "^1.3.6",
        "@line/bot-sdk": "^10.6.0",
        "@lydell/node-pty": "1.2.0-beta.3",
        "@mariozechner/pi-agent-core": "0.64.0",
        "@mariozechner/pi-ai": "0.64.0",
        "@mariozechner/pi-coding-agent": "0.64.0",
        "@mariozechner/pi-tui": "0.64.0",
        "@matrix-org/matrix-sdk-crypto-wasm": "18.0.0",
        "@modelcontextprotocol/sdk": "1.29.0",
        "@mozilla/readability": "^0.6.0",
        "@sinclair/typebox": "0.34.49",
        "ajv": "^8.18.0",
        "chalk": "^5.6.2",
        "chokidar": "^5.0.0",
        "cli-highlight": "^2.1.11",
        "commander": "^14.0.3",
        "croner": "^10.0.1",
        "dotenv": "^17.3.1",
        "express": "^5.2.1",
        "file-type": "22.0.0",
        "gaxios": "7.1.4",
        "hono": "4.12.9",
        "ipaddr.js": "^2.3.0",
        "jiti": "^2.6.1",
        "json5": "^2.2.3",
        "jszip": "^3.10.1",
        "linkedom": "^0.18.12",
        "long": "^5.3.2",
        "markdown-it": "^14.1.1",
        "matrix-js-sdk": "41.3.0-rc.0",
        "node-edge-tts": "^1.2.10",
        "osc-progress": "^0.3.0",
        "pdfjs-dist": "^5.6.205",
        "playwright-core": "1.58.2",
        "qrcode-terminal": "^0.12.0",
        "sharp": "^0.34.5",
        "sqlite-vec": "0.1.9",
        "tar": "7.5.13",
        "tslog": "^4.10.2",
        "undici": "^7.24.6",
        "uuid": "^13.0.0",
        "ws": "^8.20.0",
        "yaml": "^2.8.3",
        "zod": "^4.3.6"
      },
      "bin": {
        "openclaw": "openclaw.mjs"
      },
      "devDependencies": {
        "@grammyjs/types": "^3.25.0",
        "@lit-labs/signals": "^0.2.0",
        "@lit/context": "^1.1.6",
        "@types/express": "^5.0.6",
        "@types/markdown-it": "^14.1.2",
        "@types/node": "^25.5.0",
        "@types/qrcode-terminal": "^0.12.2",
        "@types/ws": "^8.18.1",
        "@typescript/native-preview": "7.0.0-dev.20260331.1",
        "@vitest/coverage-v8": "^4.1.2",
        "jscpd": "4.0.8",
        "jsdom": "^29.0.1",
        "lit": "^3.3.2",
        "oxfmt": "0.43.0",
        "oxlint": "^1.58.0",
        "oxlint-tsgolint": "^0.18.1",
        "signal-utils": "0.21.1",
        "tsdown": "0.21.7",
        "tsx": "^4.21.0",
        "typescript": "^6.0.2",
        "vitest": "^4.1.2"
      },
      "engines": {
        "node": ">=22.14.0"
      },
      "optionalDependencies": {
        "@matrix-org/matrix-sdk-crypto-nodejs": "^0.4.0",
        "openshell": "0.1.0"
      },
      "peerDependencies": {
        "@napi-rs/canvas": "^0.1.89",
        "node-llama-cpp": "3.18.1"
      },
      "peerDependenciesMeta": {
        "node-llama-cpp": {
          "optional": true
        }
      }
    },
    "node_modules/@sinclair/typebox": {
      "version": "0.32.35",
      "resolved": "https://registry.npmmirror.com/@sinclair/typebox/-/typebox-0.32.35.tgz",
      "integrity": "sha512-Ul3YyOTU++to8cgNkttakC0dWvpERr6RYoHO2W47DLbFvrwBDJUY31B1sImH6JZSYc4Kt4PyHtoPNu+vL2r2dA==",
      "license": "MIT"
    },
    "node_modules/@types/node": {
      "version": "20.19.37",
      "resolved": "https://registry.npmmirror.com/@types/node/-/node-20.19.37.tgz",
      "integrity": "sha512-8kzdPJ3FsNsVIurqBs7oodNnCEVbni9yUEkaHbgptDACOPW04jimGagZ51E6+lXUwJjgnBw+hyko/lkFWCldqw==",
      "dev": true,
      "license": "MIT",
      "dependencies": {
        "undici-types": "~6.21.0"
      }
    },
    "node_modules/openclaw": {
      "resolved": "../../../../../../opt/homebrew/lib/node_modules/openclaw",
      "link": true
    },
    "node_modules/typescript": {
      "version": "5.9.3",
      "resolved": "https://registry.npmmirror.com/typescript/-/typescript-5.9.3.tgz",
      "integrity": "sha512-jl1vZzPDinLr9eUt3J/t7V6FgNEw9QjvBPdysz9KfQDD41fQrC2Y4vKQdiaUpFT4bXlb1RHhLpp8wtm6M5TgSw==",
      "dev": true,
      "license": "Apache-2.0",
      "bin": {
        "tsc": "bin/tsc",
        "tsserver": "bin/tsserver"
      },
      "engines": {
        "node": ">=14.17"
      }
    },
    "node_modules/undici-types": {
      "version": "6.21.0",
      "resolved": "https://registry.npmmirror.com/undici-types/-/undici-types-6.21.0.tgz",
      "integrity": "sha512-iwDZqg0QAGrg9Rav5H4n0M64c3mkR59cJ6wQp+7C4nI0gsmExaedaYLNO44eT4AtBBwjbTiGPMlt2Md0T9H9JQ==",
      "dev": true,
      "license": "MIT"
    }
  }
}
